
Microsoft Visual Studio Solution File, Format Version 12.00
# Visual Studio Version 17
VisualStudioVersion = 17.12.35707.178
MinimumVisualStudioVersion = 10.0.40219.1
Project("{FAE04EC0-301F-11D3-BF4B-00C04F79EFBC}") = "Singleton", "Singleton\Singleton.csproj", "{51C555B8-3F95-49EE-B7A6-598EC2DEE294}"
EndProject
Project("{FAE04EC0-301F-11D3-BF4B-00C04F79EFBC}") = "Factory", "Factory\Factory.csproj", "{6AF7A746-B37B-46C1-AA6C-D0B2D0E65C91}"
EndProject
Project("{FAE04EC0-301F-11D3-BF4B-00C04F79EFBC}") = "AbstractFactory", "AbstractFactory\AbstractFactory.csproj", "{5F81D1E8-58B2-4295-8022-4F0B98096255}"
EndProject
Project("{FAE04EC0-301F-11D3-BF4B-00C04F79EFBC}") = "Prototype", "Prototype\Prototype.csproj", "{0A19A082-BED7-409A-B21E-A2A3BDA874E7}"
EndProject
Project("{FAE04EC0-301F-11D3-BF4B-00C04F79EFBC}") = "Builder", "Builder\Builder.csproj", "{FA17FDEB-9266-4BC2-AF3F-5DD67CFAF7B3}"
EndProject
Project("{FAE04EC0-301F-11D3-BF4B-00C04F79EFBC}") = "Adapter", "Adapter\Adapter.csproj", "{68BA4E56-D73D-49C5-98F3-038DD5EC86DE}"
EndProject
Project("{2150E333-8FDC-42A3-9474-1A3956D46DE8}") = "Creation", "Creation", "{54B004D2-8841-4F45-8DFE-922B1257BD01}"
EndProject
Project("{2150E333-8FDC-42A3-9474-1A3956D46DE8}") = "Structure", "Structure", "{31ED7944-FF88-4694-8027-170640E632AA}"
EndProject
Project("{FAE04EC0-301F-11D3-BF4B-00C04F79EFBC}") = "Bridge", "Bridge\Bridge.csproj", "{CE443B8D-3A68-408D-91F1-054997775518}"
EndProject
Project("{FAE04EC0-301F-11D3-BF4B-00C04F79EFBC}") = "Composite", "Composite\Composite.csproj", "{BBA3F504-0DE4-456D-AAF8-61BCB89F4351}"
EndProject
Project("{FAE04EC0-301F-11D3-BF4B-00C04F79EFBC}") = "Decorator", "Decorator\Decorator.csproj", "{F37332A8-413E-420D-AF53-2BAAE94020B6}"
EndProject
Project("{FAE04EC0-301F-11D3-BF4B-00C04F79EFBC}") = "Facade", "Facade\Facade.csproj", "{96846D7F-5337-43A7-94D3-E58E84F71F4F}"
EndProject
Project("{FAE04EC0-301F-11D3-BF4B-00C04F79EFBC}") = "Flyweight", "Flyweight\Flyweight.csproj", "{7E811B96-E175-4B8D-B51A-E7D6E8DD7BF6}"
EndProject
Project("{FAE04EC0-301F-11D3-BF4B-00C04F79EFBC}") = "Proxy", "Proxy\Proxy.csproj", "{B9BA53A6-1BE4-4B5F-8235-8D5B8895D090}"
EndProject
Project("{2150E333-8FDC-42A3-9474-1A3956D46DE8}") = "Behavior", "Behavior", "{CBEDE5B5-EA4F-4017-A78E-CBABBA025FC2}"
EndProject
Project("{FAE04EC0-301F-11D3-BF4B-00C04F79EFBC}") = "Command", "Command\Command.csproj", "{3F86226A-A418-45BA-BABD-E99034E14E96}"
EndProject
Project("{FAE04EC0-301F-11D3-BF4B-00C04F79EFBC}") = "ChainOfResponsibility", "ChainOfResponsibility\ChainOfResponsibility.csproj", "{0E1ABEB5-38F8-4F58-95BD-9284CA6D9B8C}"
EndProject
Project("{FAE04EC0-301F-11D3-BF4B-00C04F79EFBC}") = "Interpreter", "Interpreter\Interpreter.csproj", "{C56AD56F-CE70-4A09-872B-C618F3ABBD2F}"
EndProject
Project("{FAE04EC0-301F-11D3-BF4B-00C04F79EFBC}") = "Iterator", "Iterator\Iterator.csproj", "{7BD6D4EA-6661-4F5A-93DE-5E45BAC5330C}"
EndProject
Project("{FAE04EC0-301F-11D3-BF4B-00C04F79EFBC}") = "Mediator", "Mediator\Mediator.csproj", "{C0788B9A-3237-4F93-BD4C-3F99DF2EC4FB}"
EndProject
Project("{FAE04EC0-301F-11D3-BF4B-00C04F79EFBC}") = "Memento", "Memento\Memento.csproj", "{786F8A88-90AE-4C8C-8B54-9C1B55CDFE9C}"
EndProject
Global
	GlobalSection(SolutionConfigurationPlatforms) = preSolution
		Debug|Any CPU = Debug|Any CPU
		Release|Any CPU = Release|Any CPU
	EndGlobalSection
	GlobalSection(ProjectConfigurationPlatforms) = postSolution
		{51C555B8-3F95-49EE-B7A6-598EC2DEE294}.Debug|Any CPU.ActiveCfg = Debug|Any CPU
		{51C555B8-3F95-49EE-B7A6-598EC2DEE294}.Debug|Any CPU.Build.0 = Debug|Any CPU
		{51C555B8-3F95-49EE-B7A6-598EC2DEE294}.Release|Any CPU.ActiveCfg = Release|Any CPU
		{51C555B8-3F95-49EE-B7A6-598EC2DEE294}.Release|Any CPU.Build.0 = Release|Any CPU
		{6AF7A746-B37B-46C1-AA6C-D0B2D0E65C91}.Debug|Any CPU.ActiveCfg = Debug|Any CPU
		{6AF7A746-B37B-46C1-AA6C-D0B2D0E65C91}.Debug|Any CPU.Build.0 = Debug|Any CPU
		{6AF7A746-B37B-46C1-AA6C-D0B2D0E65C91}.Release|Any CPU.ActiveCfg = Release|Any CPU
		{6AF7A746-B37B-46C1-AA6C-D0B2D0E65C91}.Release|Any CPU.Build.0 = Release|Any CPU
		{5F81D1E8-58B2-4295-8022-4F0B98096255}.Debug|Any CPU.ActiveCfg = Debug|Any CPU
		{5F81D1E8-58B2-4295-8022-4F0B98096255}.Debug|Any CPU.Build.0 = Debug|Any CPU
		{5F81D1E8-58B2-4295-8022-4F0B98096255}.Release|Any CPU.ActiveCfg = Release|Any CPU
		{5F81D1E8-58B2-4295-8022-4F0B98096255}.Release|Any CPU.Build.0 = Release|Any CPU
		{0A19A082-BED7-409A-B21E-A2A3BDA874E7}.Debug|Any CPU.ActiveCfg = Debug|Any CPU
		{0A19A082-BED7-409A-B21E-A2A3BDA874E7}.Debug|Any CPU.Build.0 = Debug|Any CPU
		{0A19A082-BED7-409A-B21E-A2A3BDA874E7}.Release|Any CPU.ActiveCfg = Release|Any CPU
		{0A19A082-BED7-409A-B21E-A2A3BDA874E7}.Release|Any CPU.Build.0 = Release|Any CPU
		{FA17FDEB-9266-4BC2-AF3F-5DD67CFAF7B3}.Debug|Any CPU.ActiveCfg = Debug|Any CPU
		{FA17FDEB-9266-4BC2-AF3F-5DD67CFAF7B3}.Debug|Any CPU.Build.0 = Debug|Any CPU
		{FA17FDEB-9266-4BC2-AF3F-5DD67CFAF7B3}.Release|Any CPU.ActiveCfg = Release|Any CPU
		{FA17FDEB-9266-4BC2-AF3F-5DD67CFAF7B3}.Release|Any CPU.Build.0 = Release|Any CPU
		{68BA4E56-D73D-49C5-98F3-038DD5EC86DE}.Debug|Any CPU.ActiveCfg = Debug|Any CPU
		{68BA4E56-D73D-49C5-98F3-038DD5EC86DE}.Debug|Any CPU.Build.0 = Debug|Any CPU
		{68BA4E56-D73D-49C5-98F3-038DD5EC86DE}.Release|Any CPU.ActiveCfg = Release|Any CPU
		{68BA4E56-D73D-49C5-98F3-038DD5EC86DE}.Release|Any CPU.Build.0 = Release|Any CPU
		{CE443B8D-3A68-408D-91F1-054997775518}.Debug|Any CPU.ActiveCfg = Debug|Any CPU
		{CE443B8D-3A68-408D-91F1-054997775518}.Debug|Any CPU.Build.0 = Debug|Any CPU
		{CE443B8D-3A68-408D-91F1-054997775518}.Release|Any CPU.ActiveCfg = Release|Any CPU
		{CE443B8D-3A68-408D-91F1-054997775518}.Release|Any CPU.Build.0 = Release|Any CPU
		{BBA3F504-0DE4-456D-AAF8-61BCB89F4351}.Debug|Any CPU.ActiveCfg = Debug|Any CPU
		{BBA3F504-0DE4-456D-AAF8-61BCB89F4351}.Debug|Any CPU.Build.0 = Debug|Any CPU
		{BBA3F504-0DE4-456D-AAF8-61BCB89F4351}.Release|Any CPU.ActiveCfg = Release|Any CPU
		{BBA3F504-0DE4-456D-AAF8-61BCB89F4351}.Release|Any CPU.Build.0 = Release|Any CPU
		{F37332A8-413E-420D-AF53-2BAAE94020B6}.Debug|Any CPU.ActiveCfg = Debug|Any CPU
		{F37332A8-413E-420D-AF53-2BAAE94020B6}.Debug|Any CPU.Build.0 = Debug|Any CPU
		{F37332A8-413E-420D-AF53-2BAAE94020B6}.Release|Any CPU.ActiveCfg = Release|Any CPU
		{F37332A8-413E-420D-AF53-2BAAE94020B6}.Release|Any CPU.Build.0 = Release|Any CPU
		{96846D7F-5337-43A7-94D3-E58E84F71F4F}.Debug|Any CPU.ActiveCfg = Debug|Any CPU
		{96846D7F-5337-43A7-94D3-E58E84F71F4F}.Debug|Any CPU.Build.0 = Debug|Any CPU
		{96846D7F-5337-43A7-94D3-E58E84F71F4F}.Release|Any CPU.ActiveCfg = Release|Any CPU
		{96846D7F-5337-43A7-94D3-E58E84F71F4F}.Release|Any CPU.Build.0 = Release|Any CPU
		{7E811B96-E175-4B8D-B51A-E7D6E8DD7BF6}.Debug|Any CPU.ActiveCfg = Debug|Any CPU
		{7E811B96-E175-4B8D-B51A-E7D6E8DD7BF6}.Debug|Any CPU.Build.0 = Debug|Any CPU
		{7E811B96-E175-4B8D-B51A-E7D6E8DD7BF6}.Release|Any CPU.ActiveCfg = Release|Any CPU
		{7E811B96-E175-4B8D-B51A-E7D6E8DD7BF6}.Release|Any CPU.Build.0 = Release|Any CPU
		{B9BA53A6-1BE4-4B5F-8235-8D5B8895D090}.Debug|Any CPU.ActiveCfg = Debug|Any CPU
		{B9BA53A6-1BE4-4B5F-8235-8D5B8895D090}.Debug|Any CPU.Build.0 = Debug|Any CPU
		{B9BA53A6-1BE4-4B5F-8235-8D5B8895D090}.Release|Any CPU.ActiveCfg = Release|Any CPU
		{B9BA53A6-1BE4-4B5F-8235-8D5B8895D090}.Release|Any CPU.Build.0 = Release|Any CPU
		{3F86226A-A418-45BA-BABD-E99034E14E96}.Debug|Any CPU.ActiveCfg = Debug|Any CPU
		{3F86226A-A418-45BA-BABD-E99034E14E96}.Debug|Any CPU.Build.0 = Debug|Any CPU
		{3F86226A-A418-45BA-BABD-E99034E14E96}.Release|Any CPU.ActiveCfg = Release|Any CPU
		{3F86226A-A418-45BA-BABD-E99034E14E96}.Release|Any CPU.Build.0 = Release|Any CPU
		{0E1ABEB5-38F8-4F58-95BD-9284CA6D9B8C}.Debug|Any CPU.ActiveCfg = Debug|Any CPU
		{0E1ABEB5-38F8-4F58-95BD-9284CA6D9B8C}.Debug|Any CPU.Build.0 = Debug|Any CPU
		{0E1ABEB5-38F8-4F58-95BD-9284CA6D9B8C}.Release|Any CPU.ActiveCfg = Release|Any CPU
		{0E1ABEB5-38F8-4F58-95BD-9284CA6D9B8C}.Release|Any CPU.Build.0 = Release|Any CPU
		{C56AD56F-CE70-4A09-872B-C618F3ABBD2F}.Debug|Any CPU.ActiveCfg = Debug|Any CPU
		{C56AD56F-CE70-4A09-872B-C618F3ABBD2F}.Debug|Any CPU.Build.0 = Debug|Any CPU
		{C56AD56F-CE70-4A09-872B-C618F3ABBD2F}.Release|Any CPU.ActiveCfg = Release|Any CPU
		{C56AD56F-CE70-4A09-872B-C618F3ABBD2F}.Release|Any CPU.Build.0 = Release|Any CPU
		{7BD6D4EA-6661-4F5A-93DE-5E45BAC5330C}.Debug|Any CPU.ActiveCfg = Debug|Any CPU
		{7BD6D4EA-6661-4F5A-93DE-5E45BAC5330C}.Debug|Any CPU.Build.0 = Debug|Any CPU
		{7BD6D4EA-6661-4F5A-93DE-5E45BAC5330C}.Release|Any CPU.ActiveCfg = Release|Any CPU
		{7BD6D4EA-6661-4F5A-93DE-5E45BAC5330C}.Release|Any CPU.Build.0 = Release|Any CPU
		{C0788B9A-3237-4F93-BD4C-3F99DF2EC4FB}.Debug|Any CPU.ActiveCfg = Debug|Any CPU
		{C0788B9A-3237-4F93-BD4C-3F99DF2EC4FB}.Debug|Any CPU.Build.0 = Debug|Any CPU
		{C0788B9A-3237-4F93-BD4C-3F99DF2EC4FB}.Release|Any CPU.ActiveCfg = Release|Any CPU
		{C0788B9A-3237-4F93-BD4C-3F99DF2EC4FB}.Release|Any CPU.Build.0 = Release|Any CPU
		{786F8A88-90AE-4C8C-8B54-9C1B55CDFE9C}.Debug|Any CPU.ActiveCfg = Debug|Any CPU
		{786F8A88-90AE-4C8C-8B54-9C1B55CDFE9C}.Debug|Any CPU.Build.0 = Debug|Any CPU
		{786F8A88-90AE-4C8C-8B54-9C1B55CDFE9C}.Release|Any CPU.ActiveCfg = Release|Any CPU
		{786F8A88-90AE-4C8C-8B54-9C1B55CDFE9C}.Release|Any CPU.Build.0 = Release|Any CPU
	EndGlobalSection
	GlobalSection(SolutionProperties) = preSolution
		HideSolutionNode = FALSE
	EndGlobalSection
	GlobalSection(NestedProjects) = preSolution
		{51C555B8-3F95-49EE-B7A6-598EC2DEE294} = {54B004D2-8841-4F45-8DFE-922B1257BD01}
		{6AF7A746-B37B-46C1-AA6C-D0B2D0E65C91} = {54B004D2-8841-4F45-8DFE-922B1257BD01}
		{5F81D1E8-58B2-4295-8022-4F0B98096255} = {54B004D2-8841-4F45-8DFE-922B1257BD01}
		{0A19A082-BED7-409A-B21E-A2A3BDA874E7} = {54B004D2-8841-4F45-8DFE-922B1257BD01}
		{FA17FDEB-9266-4BC2-AF3F-5DD67CFAF7B3} = {54B004D2-8841-4F45-8DFE-922B1257BD01}
		{68BA4E56-D73D-49C5-98F3-038DD5EC86DE} = {31ED7944-FF88-4694-8027-170640E632AA}
		{CE443B8D-3A68-408D-91F1-054997775518} = {31ED7944-FF88-4694-8027-170640E632AA}
		{BBA3F504-0DE4-456D-AAF8-61BCB89F4351} = {31ED7944-FF88-4694-8027-170640E632AA}
		{F37332A8-413E-420D-AF53-2BAAE94020B6} = {31ED7944-FF88-4694-8027-170640E632AA}
		{96846D7F-5337-43A7-94D3-E58E84F71F4F} = {31ED7944-FF88-4694-8027-170640E632AA}
		{7E811B96-E175-4B8D-B51A-E7D6E8DD7BF6} = {31ED7944-FF88-4694-8027-170640E632AA}
		{B9BA53A6-1BE4-4B5F-8235-8D5B8895D090} = {31ED7944-FF88-4694-8027-170640E632AA}
		{3F86226A-A418-45BA-BABD-E99034E14E96} = {CBEDE5B5-EA4F-4017-A78E-CBABBA025FC2}
		{0E1ABEB5-38F8-4F58-95BD-9284CA6D9B8C} = {CBEDE5B5-EA4F-4017-A78E-CBABBA025FC2}
		{C56AD56F-CE70-4A09-872B-C618F3ABBD2F} = {CBEDE5B5-EA4F-4017-A78E-CBABBA025FC2}
		{7BD6D4EA-6661-4F5A-93DE-5E45BAC5330C} = {CBEDE5B5-EA4F-4017-A78E-CBABBA025FC2}
		{C0788B9A-3237-4F93-BD4C-3F99DF2EC4FB} = {CBEDE5B5-EA4F-4017-A78E-CBABBA025FC2}
		{786F8A88-90AE-4C8C-8B54-9C1B55CDFE9C} = {CBEDE5B5-EA4F-4017-A78E-CBABBA025FC2}
	EndGlobalSection
EndGlobal
